
Microsoft Visual Studio Solution File, Format Version 12.00
# Visual Studio 14
VisualStudioVersion = 14.0.23107.0
MinimumVisualStudioVersion = 10.0.40219.1
Project("{FAE04EC0-301F-11D3-BF4B-00C04F79EFBC}") = "WebPage", "WebPage\WebPage.csproj", "{0630B2C2-5D12-43E9-A775-19B727F6C457}"
EndProject
Project("{FAE04EC0-301F-11D3-BF4B-00C04F79EFBC}") = "WebPage.Tests", "WebPage.Tests\WebPage.Tests.csproj", "{1B255865-2B6C-4DC1-9586-2D1A433CE201}"
EndProject
Global
	GlobalSection(SolutionConfigurationPlatforms) = preSolution
		Debug|Any CPU = Debug|Any CPU
		Release|Any CPU = Release|Any CPU
	EndGlobalSection
	GlobalSection(ProjectConfigurationPlatforms) = postSolution
		{0630B2C2-5D12-43E9-A775-19B727F6C457}.Debug|Any CPU.ActiveCfg = Debug|Any CPU
		{0630B2C2-5D12-43E9-A775-19B727F6C457}.Debug|Any CPU.Build.0 = Debug|Any CPU
		{0630B2C2-5D12-43E9-A775-19B727F6C457}.Release|Any CPU.ActiveCfg = Release|Any CPU
		{0630B2C2-5D12-43E9-A775-19B727F6C457}.Release|Any CPU.Build.0 = Release|Any CPU
		{1B255865-2B6C-4DC1-9586-2D1A433CE201}.Debug|Any CPU.ActiveCfg = Debug|Any CPU
		{1B255865-2B6C-4DC1-9586-2D1A433CE201}.Debug|Any CPU.Build.0 = Debug|Any CPU
		{1B255865-2B6C-4DC1-9586-2D1A433CE201}.Release|Any CPU.ActiveCfg = Release|Any CPU
		{1B255865-2B6C-4DC1-9586-2D1A433CE201}.Release|Any CPU.Build.0 = Release|Any CPU
	EndGlobalSection
	GlobalSection(SolutionProperties) = preSolution
		HideSolutionNode = FALSE
	EndGlobalSection
EndGlobal
